
Microsoft Visual Studio Solution File, Format Version 12.00
# Visual Studio Version 17
VisualStudioVersion = 17.12.35527.113
MinimumVisualStudioVersion = 10.0.40219.1
Project("{FAE04EC0-301F-11D3-BF4B-00C04F79EFBC}") = "MainDevelopment", "MainDevelopment\MainDevelopment.csproj", "{2EE1EDF1-D50B-494F-8EA6-5B93CB0E4C8C}"
EndProject
Project("{FAE04EC0-301F-11D3-BF4B-00C04F79EFBC}") = "uIP.Lib", "uIP.Lib\uIP.Lib.csproj", "{400BAAB6-F3F9-4F5C-9543-6F3D9A23B160}"
EndProject
Project("{8BC9CEB8-8B4A-11D0-8D11-00A0C91BC942}") = "SharedLib", "SharedLib\SharedLib\SharedLib.vcxproj", "{B70F71A8-BE9A-438A-B746-3FA062F6BD56}"
EndProject
Project("{FAE04EC0-301F-11D3-BF4B-00C04F79EFBC}") = "uIP.MacroProvider.StreamIO.ImageFileLoader", "uIP.MacroProvider.StreamIO.ImageFileLoader\uIP.MacroProvider.StreamIO.ImageFileLoader.csproj", "{70453BAA-6677-4FCC-85B5-3187026D0786}"
EndProject
Project("{FAE04EC0-301F-11D3-BF4B-00C04F79EFBC}") = "uIP.Lib.Multithreading", "uIP.Lib.Multithreading\uIP.Lib.Multithreading.csproj", "{8D9CAF01-F6F7-408A-B3AD-68F71C80B4A2}"
EndProject
Project("{FAE04EC0-301F-11D3-BF4B-00C04F79EFBC}") = "uIP.MacroProvider.Resulting.DrawResult", "uIP.MacroProvider.Resulting.DrawResult\uIP.MacroProvider.Resulting.DrawResult.csproj", "{424BA6A2-3746-4EEE-85C8-0E9FCF8A385F}"
EndProject
Project("{FAE04EC0-301F-11D3-BF4B-00C04F79EFBC}") = "uIP.MacroProvider.YZW.SOP.Inference", "uIP.MacroProvider.YZW.SOP.Inference\uIP.MacroProvider.YZW.SOP.Inference.csproj", "{46163748-668C-4394-A27A-19928AB03EF1}"
EndProject
Project("{FAE04EC0-301F-11D3-BF4B-00C04F79EFBC}") = "uIP.MacroProvider.YZW.SOP.Detection", "uIP.MacroProvider.YZW.SOP.Detection\uIP.MacroProvider.YZW.SOP.Detection.csproj", "{B095FFCA-242B-4DE7-9050-123272532D40}"
EndProject
Project("{FAE04EC0-301F-11D3-BF4B-00C04F79EFBC}") = "uIP.MacroProvider.Commons.SystemData", "uIP.MacroProvider.Commons.SystemData\uIP.MacroProvider.Commons.SystemData.csproj", "{D0E18276-0CB4-45E4-9173-EED162E86695}"
EndProject
Project("{FAE04EC0-301F-11D3-BF4B-00C04F79EFBC}") = "uIP.MacroProvider.DB.Sqlite", "uIP.MacroProvider.DB.Sqlite\uIP.MacroProvider.DB.Sqlite.csproj", "{21588105-BDCB-4F50-A0AA-EDBF8F626E3A}"
EndProject
Project("{FAE04EC0-301F-11D3-BF4B-00C04F79EFBC}") = "uIP.MacroProvider.Commons.CronJob", "uIP.MacroProvider.Commons.CronJob\uIP.MacroProvider.Commons.CronJob.csproj", "{28ED73DA-8978-41B1-B29C-0614BD484E7A}"
EndProject
Project("{FAE04EC0-301F-11D3-BF4B-00C04F79EFBC}") = "uIP.MacroProvider.Commons.LiteHttpService", "uIP.MacroProvider.Commons.LiteHttpService\uIP.MacroProvider.Commons.LiteHttpService.csproj", "{946398D8-7ACC-48EC-B0CF-184E381ABFDF}"
EndProject
Project("{FAE04EC0-301F-11D3-BF4B-00C04F79EFBC}") = "uIP.MacroProvider.Layout.GenContainer", "uIP.MacroProvider.Layout.GenContainer\uIP.MacroProvider.Layout.GenContainer.csproj", "{23F44CC3-62A5-4CCC-B442-DDE43B8C2516}"
EndProject
Project("{FAE04EC0-301F-11D3-BF4B-00C04F79EFBC}") = "uIP.MacroProvider.Commons.FlowControl", "uIP.MacroProvider.Commons.FlowControl\uIP.MacroProvider.Commons.FlowControl.csproj", "{646ACAAB-577D-41FF-B113-546A5E778DE2}"
EndProject
Project("{FAE04EC0-301F-11D3-BF4B-00C04F79EFBC}") = "uIP.MacroProvider.Tools.Labeling", "uIP.MacroProvider.Tools.Labeling\uIP.MacroProvider.Tools.Labeling.csproj", "{9D3255B0-A80D-4636-AEBD-D0E34065FF40}"
EndProject
Project("{FAE04EC0-301F-11D3-BF4B-00C04F79EFBC}") = "uIP.MacroProvider.YZW.SOP.Communication", "uIP.MacroProvider.YZW.SOP.Communication\uIP.MacroProvider.YZW.SOP.Communication.csproj", "{E89169A0-66C5-468C-BA99-CDE20EF59B1F}"
EndProject
Project("{FAE04EC0-301F-11D3-BF4B-00C04F79EFBC}") = "uIP.MacroProvider.YZW.SOP.Parser", "uIP.MacroProvider.YZW.SOP.Parser\uIP.MacroProvider.YZW.SOP.Parser.csproj", "{C931A56F-22C6-4AF3-BC19-3B6CD2DAB407}"
EndProject
Project("{FAE04EC0-301F-11D3-BF4B-00C04F79EFBC}") = "uIP.MacroProvider.StreamIO.VideoInToFrame", "uIP.MacroProvider.StreamIO.VideoInToFrame\uIP.MacroProvider.StreamIO.VideoInToFrame.csproj", "{B973B3DA-8AE3-4D22-9D24-758573A82277}"
EndProject
Project("{FAE04EC0-301F-11D3-BF4B-00C04F79EFBC}") = "uIP.MacroProvider.StreamIO.DividedData", "uIP.MacroProvider.StreamIO.DividedData\uIP.MacroProvider.StreamIO.DividedData.csproj", "{A0254262-282E-4211-808F-1C13ABC8820E}"
EndProject
Project("{FAE04EC0-301F-11D3-BF4B-00C04F79EFBC}") = "uIP.MacroProvider.TrainConvert", "uIP.MacroProvider.TrainConvert\uIP.MacroProvider.TrainConvert.csproj", "{1012C3E6-7EA7-40DA-99D4-78A3F619CE30}"
EndProject
Global
	GlobalSection(SolutionConfigurationPlatforms) = preSolution
		Debug|Any CPU = Debug|Any CPU
		Debug|x64 = Debug|x64
		Debug|x86 = Debug|x86
		Release|Any CPU = Release|Any CPU
		Release|x64 = Release|x64
		Release|x86 = Release|x86
	EndGlobalSection
	GlobalSection(ProjectConfigurationPlatforms) = postSolution
		{2EE1EDF1-D50B-494F-8EA6-5B93CB0E4C8C}.Debug|Any CPU.ActiveCfg = Debug|Any CPU
		{2EE1EDF1-D50B-494F-8EA6-5B93CB0E4C8C}.Debug|Any CPU.Build.0 = Debug|Any CPU
		{2EE1EDF1-D50B-494F-8EA6-5B93CB0E4C8C}.Debug|x64.ActiveCfg = Debug|Any CPU
		{2EE1EDF1-D50B-494F-8EA6-5B93CB0E4C8C}.Debug|x64.Build.0 = Debug|Any CPU
		{2EE1EDF1-D50B-494F-8EA6-5B93CB0E4C8C}.Debug|x86.ActiveCfg = Debug|Any CPU
		{2EE1EDF1-D50B-494F-8EA6-5B93CB0E4C8C}.Debug|x86.Build.0 = Debug|Any CPU
		{2EE1EDF1-D50B-494F-8EA6-5B93CB0E4C8C}.Release|Any CPU.ActiveCfg = Release|Any CPU
		{2EE1EDF1-D50B-494F-8EA6-5B93CB0E4C8C}.Release|Any CPU.Build.0 = Release|Any CPU
		{2EE1EDF1-D50B-494F-8EA6-5B93CB0E4C8C}.Release|x64.ActiveCfg = Release|Any CPU
		{2EE1EDF1-D50B-494F-8EA6-5B93CB0E4C8C}.Release|x64.Build.0 = Release|Any CPU
		{2EE1EDF1-D50B-494F-8EA6-5B93CB0E4C8C}.Release|x86.ActiveCfg = Release|Any CPU
		{2EE1EDF1-D50B-494F-8EA6-5B93CB0E4C8C}.Release|x86.Build.0 = Release|Any CPU
		{400BAAB6-F3F9-4F5C-9543-6F3D9A23B160}.Debug|Any CPU.ActiveCfg = Debug|Any CPU
		{400BAAB6-F3F9-4F5C-9543-6F3D9A23B160}.Debug|Any CPU.Build.0 = Debug|Any CPU
		{400BAAB6-F3F9-4F5C-9543-6F3D9A23B160}.Debug|x64.ActiveCfg = Debug|Any CPU
		{400BAAB6-F3F9-4F5C-9543-6F3D9A23B160}.Debug|x64.Build.0 = Debug|Any CPU
		{400BAAB6-F3F9-4F5C-9543-6F3D9A23B160}.Debug|x86.ActiveCfg = Debug|Any CPU
		{400BAAB6-F3F9-4F5C-9543-6F3D9A23B160}.Debug|x86.Build.0 = Debug|Any CPU
		{400BAAB6-F3F9-4F5C-9543-6F3D9A23B160}.Release|Any CPU.ActiveCfg = Release|Any CPU
		{400BAAB6-F3F9-4F5C-9543-6F3D9A23B160}.Release|Any CPU.Build.0 = Release|Any CPU
		{400BAAB6-F3F9-4F5C-9543-6F3D9A23B160}.Release|x64.ActiveCfg = Release|x64
		{400BAAB6-F3F9-4F5C-9543-6F3D9A23B160}.Release|x64.Build.0 = Release|x64
		{400BAAB6-F3F9-4F5C-9543-6F3D9A23B160}.Release|x86.ActiveCfg = Release|Any CPU
		{400BAAB6-F3F9-4F5C-9543-6F3D9A23B160}.Release|x86.Build.0 = Release|Any CPU
		{B70F71A8-BE9A-438A-B746-3FA062F6BD56}.Debug|Any CPU.ActiveCfg = Debug|Win32
		{B70F71A8-BE9A-438A-B746-3FA062F6BD56}.Debug|Any CPU.Build.0 = Debug|Win32
		{B70F71A8-BE9A-438A-B746-3FA062F6BD56}.Debug|x64.ActiveCfg = Debug|Win32
		{B70F71A8-BE9A-438A-B746-3FA062F6BD56}.Debug|x86.ActiveCfg = Debug|Win32
		{B70F71A8-BE9A-438A-B746-3FA062F6BD56}.Debug|x86.Build.0 = Debug|Win32
		{B70F71A8-BE9A-438A-B746-3FA062F6BD56}.Release|Any CPU.ActiveCfg = Release|Win32
		{B70F71A8-BE9A-438A-B746-3FA062F6BD56}.Release|Any CPU.Build.0 = Release|Win32
		{B70F71A8-BE9A-438A-B746-3FA062F6BD56}.Release|x64.ActiveCfg = Release|Win32
		{B70F71A8-BE9A-438A-B746-3FA062F6BD56}.Release|x86.ActiveCfg = Release|Win32
		{B70F71A8-BE9A-438A-B746-3FA062F6BD56}.Release|x86.Build.0 = Release|Win32
		{70453BAA-6677-4FCC-85B5-3187026D0786}.Debug|Any CPU.ActiveCfg = Debug|Any CPU
		{70453BAA-6677-4FCC-85B5-3187026D0786}.Debug|Any CPU.Build.0 = Debug|Any CPU
		{70453BAA-6677-4FCC-85B5-3187026D0786}.Debug|x64.ActiveCfg = Debug|Any CPU
		{70453BAA-6677-4FCC-85B5-3187026D0786}.Debug|x64.Build.0 = Debug|Any CPU
		{70453BAA-6677-4FCC-85B5-3187026D0786}.Debug|x86.ActiveCfg = Debug|Any CPU
		{70453BAA-6677-4FCC-85B5-3187026D0786}.Debug|x86.Build.0 = Debug|Any CPU
		{70453BAA-6677-4FCC-85B5-3187026D0786}.Release|Any CPU.ActiveCfg = Release|Any CPU
		{70453BAA-6677-4FCC-85B5-3187026D0786}.Release|Any CPU.Build.0 = Release|Any CPU
		{70453BAA-6677-4FCC-85B5-3187026D0786}.Release|x64.ActiveCfg = Release|Any CPU
		{70453BAA-6677-4FCC-85B5-3187026D0786}.Release|x64.Build.0 = Release|Any CPU
		{70453BAA-6677-4FCC-85B5-3187026D0786}.Release|x86.ActiveCfg = Release|Any CPU
		{70453BAA-6677-4FCC-85B5-3187026D0786}.Release|x86.Build.0 = Release|Any CPU
		{8D9CAF01-F6F7-408A-B3AD-68F71C80B4A2}.Debug|Any CPU.ActiveCfg = Debug|Any CPU
		{8D9CAF01-F6F7-408A-B3AD-68F71C80B4A2}.Debug|Any CPU.Build.0 = Debug|Any CPU
		{8D9CAF01-F6F7-408A-B3AD-68F71C80B4A2}.Debug|x64.ActiveCfg = Debug|Any CPU
		{8D9CAF01-F6F7-408A-B3AD-68F71C80B4A2}.Debug|x64.Build.0 = Debug|Any CPU
		{8D9CAF01-F6F7-408A-B3AD-68F71C80B4A2}.Debug|x86.ActiveCfg = Debug|Any CPU
		{8D9CAF01-F6F7-408A-B3AD-68F71C80B4A2}.Debug|x86.Build.0 = Debug|Any CPU
		{8D9CAF01-F6F7-408A-B3AD-68F71C80B4A2}.Release|Any CPU.ActiveCfg = Release|Any CPU
		{8D9CAF01-F6F7-408A-B3AD-68F71C80B4A2}.Release|Any CPU.Build.0 = Release|Any CPU
		{8D9CAF01-F6F7-408A-B3AD-68F71C80B4A2}.Release|x64.ActiveCfg = Release|Any CPU
		{8D9CAF01-F6F7-408A-B3AD-68F71C80B4A2}.Release|x64.Build.0 = Release|Any CPU
		{8D9CAF01-F6F7-408A-B3AD-68F71C80B4A2}.Release|x86.ActiveCfg = Release|Any CPU
		{8D9CAF01-F6F7-408A-B3AD-68F71C80B4A2}.Release|x86.Build.0 = Release|Any CPU
		{424BA6A2-3746-4EEE-85C8-0E9FCF8A385F}.Debug|Any CPU.ActiveCfg = Debug|Any CPU
		{424BA6A2-3746-4EEE-85C8-0E9FCF8A385F}.Debug|Any CPU.Build.0 = Debug|Any CPU
		{424BA6A2-3746-4EEE-85C8-0E9FCF8A385F}.Debug|x64.ActiveCfg = Debug|Any CPU
		{424BA6A2-3746-4EEE-85C8-0E9FCF8A385F}.Debug|x64.Build.0 = Debug|Any CPU
		{424BA6A2-3746-4EEE-85C8-0E9FCF8A385F}.Debug|x86.ActiveCfg = Debug|Any CPU
		{424BA6A2-3746-4EEE-85C8-0E9FCF8A385F}.Debug|x86.Build.0 = Debug|Any CPU
		{424BA6A2-3746-4EEE-85C8-0E9FCF8A385F}.Release|Any CPU.ActiveCfg = Release|Any CPU
		{424BA6A2-3746-4EEE-85C8-0E9FCF8A385F}.Release|Any CPU.Build.0 = Release|Any CPU
		{424BA6A2-3746-4EEE-85C8-0E9FCF8A385F}.Release|x64.ActiveCfg = Release|Any CPU
		{424BA6A2-3746-4EEE-85C8-0E9FCF8A385F}.Release|x64.Build.0 = Release|Any CPU
		{424BA6A2-3746-4EEE-85C8-0E9FCF8A385F}.Release|x86.ActiveCfg = Release|Any CPU
		{424BA6A2-3746-4EEE-85C8-0E9FCF8A385F}.Release|x86.Build.0 = Release|Any CPU
		{46163748-668C-4394-A27A-19928AB03EF1}.Debug|Any CPU.ActiveCfg = Debug|Any CPU
		{46163748-668C-4394-A27A-19928AB03EF1}.Debug|Any CPU.Build.0 = Debug|Any CPU
		{46163748-668C-4394-A27A-19928AB03EF1}.Debug|x64.ActiveCfg = Debug|Any CPU
		{46163748-668C-4394-A27A-19928AB03EF1}.Debug|x64.Build.0 = Debug|Any CPU
		{46163748-668C-4394-A27A-19928AB03EF1}.Debug|x86.ActiveCfg = Debug|Any CPU
		{46163748-668C-4394-A27A-19928AB03EF1}.Debug|x86.Build.0 = Debug|Any CPU
		{46163748-668C-4394-A27A-19928AB03EF1}.Release|Any CPU.ActiveCfg = Release|Any CPU
		{46163748-668C-4394-A27A-19928AB03EF1}.Release|Any CPU.Build.0 = Release|Any CPU
		{46163748-668C-4394-A27A-19928AB03EF1}.Release|x64.ActiveCfg = Release|Any CPU
		{46163748-668C-4394-A27A-19928AB03EF1}.Release|x64.Build.0 = Release|Any CPU
		{46163748-668C-4394-A27A-19928AB03EF1}.Release|x86.ActiveCfg = Release|Any CPU
		{46163748-668C-4394-A27A-19928AB03EF1}.Release|x86.Build.0 = Release|Any CPU
		{B095FFCA-242B-4DE7-9050-123272532D40}.Debug|Any CPU.ActiveCfg = Debug|Any CPU
		{B095FFCA-242B-4DE7-9050-123272532D40}.Debug|Any CPU.Build.0 = Debug|Any CPU
		{B095FFCA-242B-4DE7-9050-123272532D40}.Debug|x64.ActiveCfg = Debug|Any CPU
		{B095FFCA-242B-4DE7-9050-123272532D40}.Debug|x64.Build.0 = Debug|Any CPU
		{B095FFCA-242B-4DE7-9050-123272532D40}.Debug|x86.ActiveCfg = Debug|Any CPU
		{B095FFCA-242B-4DE7-9050-123272532D40}.Debug|x86.Build.0 = Debug|Any CPU
		{B095FFCA-242B-4DE7-9050-123272532D40}.Release|Any CPU.ActiveCfg = Release|Any CPU
		{B095FFCA-242B-4DE7-9050-123272532D40}.Release|Any CPU.Build.0 = Release|Any CPU
		{B095FFCA-242B-4DE7-9050-123272532D40}.Release|x64.ActiveCfg = Release|Any CPU
		{B095FFCA-242B-4DE7-9050-123272532D40}.Release|x64.Build.0 = Release|Any CPU
		{B095FFCA-242B-4DE7-9050-123272532D40}.Release|x86.ActiveCfg = Release|Any CPU
		{B095FFCA-242B-4DE7-9050-123272532D40}.Release|x86.Build.0 = Release|Any CPU
		{D0E18276-0CB4-45E4-9173-EED162E86695}.Debug|Any CPU.ActiveCfg = Debug|Any CPU
		{D0E18276-0CB4-45E4-9173-EED162E86695}.Debug|Any CPU.Build.0 = Debug|Any CPU
		{D0E18276-0CB4-45E4-9173-EED162E86695}.Debug|x64.ActiveCfg = Debug|Any CPU
		{D0E18276-0CB4-45E4-9173-EED162E86695}.Debug|x64.Build.0 = Debug|Any CPU
		{D0E18276-0CB4-45E4-9173-EED162E86695}.Debug|x86.ActiveCfg = Debug|Any CPU
		{D0E18276-0CB4-45E4-9173-EED162E86695}.Debug|x86.Build.0 = Debug|Any CPU
		{D0E18276-0CB4-45E4-9173-EED162E86695}.Release|Any CPU.ActiveCfg = Release|Any CPU
		{D0E18276-0CB4-45E4-9173-EED162E86695}.Release|Any CPU.Build.0 = Release|Any CPU
		{D0E18276-0CB4-45E4-9173-EED162E86695}.Release|x64.ActiveCfg = Release|Any CPU
		{D0E18276-0CB4-45E4-9173-EED162E86695}.Release|x64.Build.0 = Release|Any CPU
		{D0E18276-0CB4-45E4-9173-EED162E86695}.Release|x86.ActiveCfg = Release|Any CPU
		{D0E18276-0CB4-45E4-9173-EED162E86695}.Release|x86.Build.0 = Release|Any CPU
		{21588105-BDCB-4F50-A0AA-EDBF8F626E3A}.Debug|Any CPU.ActiveCfg = Debug|Any CPU
		{21588105-BDCB-4F50-A0AA-EDBF8F626E3A}.Debug|Any CPU.Build.0 = Debug|Any CPU
		{21588105-BDCB-4F50-A0AA-EDBF8F626E3A}.Debug|x64.ActiveCfg = Debug|Any CPU
		{21588105-BDCB-4F50-A0AA-EDBF8F626E3A}.Debug|x64.Build.0 = Debug|Any CPU
		{21588105-BDCB-4F50-A0AA-EDBF8F626E3A}.Debug|x86.ActiveCfg = Debug|Any CPU
		{21588105-BDCB-4F50-A0AA-EDBF8F626E3A}.Debug|x86.Build.0 = Debug|Any CPU
		{21588105-BDCB-4F50-A0AA-EDBF8F626E3A}.Release|Any CPU.ActiveCfg = Release|Any CPU
		{21588105-BDCB-4F50-A0AA-EDBF8F626E3A}.Release|Any CPU.Build.0 = Release|Any CPU
		{21588105-BDCB-4F50-A0AA-EDBF8F626E3A}.Release|x64.ActiveCfg = Release|Any CPU
		{21588105-BDCB-4F50-A0AA-EDBF8F626E3A}.Release|x64.Build.0 = Release|Any CPU
		{21588105-BDCB-4F50-A0AA-EDBF8F626E3A}.Release|x86.ActiveCfg = Release|Any CPU
		{21588105-BDCB-4F50-A0AA-EDBF8F626E3A}.Release|x86.Build.0 = Release|Any CPU
		{28ED73DA-8978-41B1-B29C-0614BD484E7A}.Debug|Any CPU.ActiveCfg = Debug|Any CPU
		{28ED73DA-8978-41B1-B29C-0614BD484E7A}.Debug|Any CPU.Build.0 = Debug|Any CPU
		{28ED73DA-8978-41B1-B29C-0614BD484E7A}.Debug|x64.ActiveCfg = Debug|Any CPU
		{28ED73DA-8978-41B1-B29C-0614BD484E7A}.Debug|x64.Build.0 = Debug|Any CPU
		{28ED73DA-8978-41B1-B29C-0614BD484E7A}.Debug|x86.ActiveCfg = Debug|Any CPU
		{28ED73DA-8978-41B1-B29C-0614BD484E7A}.Debug|x86.Build.0 = Debug|Any CPU
		{28ED73DA-8978-41B1-B29C-0614BD484E7A}.Release|Any CPU.ActiveCfg = Release|Any CPU
		{28ED73DA-8978-41B1-B29C-0614BD484E7A}.Release|Any CPU.Build.0 = Release|Any CPU
		{28ED73DA-8978-41B1-B29C-0614BD484E7A}.Release|x64.ActiveCfg = Release|Any CPU
		{28ED73DA-8978-41B1-B29C-0614BD484E7A}.Release|x64.Build.0 = Release|Any CPU
		{28ED73DA-8978-41B1-B29C-0614BD484E7A}.Release|x86.ActiveCfg = Release|Any CPU
		{28ED73DA-8978-41B1-B29C-0614BD484E7A}.Release|x86.Build.0 = Release|Any CPU
		{946398D8-7ACC-48EC-B0CF-184E381ABFDF}.Debug|Any CPU.ActiveCfg = Debug|Any CPU
		{946398D8-7ACC-48EC-B0CF-184E381ABFDF}.Debug|Any CPU.Build.0 = Debug|Any CPU
		{946398D8-7ACC-48EC-B0CF-184E381ABFDF}.Debug|x64.ActiveCfg = Debug|Any CPU
		{946398D8-7ACC-48EC-B0CF-184E381ABFDF}.Debug|x64.Build.0 = Debug|Any CPU
		{946398D8-7ACC-48EC-B0CF-184E381ABFDF}.Debug|x86.ActiveCfg = Debug|Any CPU
		{946398D8-7ACC-48EC-B0CF-184E381ABFDF}.Debug|x86.Build.0 = Debug|Any CPU
		{946398D8-7ACC-48EC-B0CF-184E381ABFDF}.Release|Any CPU.ActiveCfg = Release|Any CPU
		{946398D8-7ACC-48EC-B0CF-184E381ABFDF}.Release|Any CPU.Build.0 = Release|Any CPU
		{946398D8-7ACC-48EC-B0CF-184E381ABFDF}.Release|x64.ActiveCfg = Release|Any CPU
		{946398D8-7ACC-48EC-B0CF-184E381ABFDF}.Release|x64.Build.0 = Release|Any CPU
		{946398D8-7ACC-48EC-B0CF-184E381ABFDF}.Release|x86.ActiveCfg = Release|Any CPU
		{946398D8-7ACC-48EC-B0CF-184E381ABFDF}.Release|x86.Build.0 = Release|Any CPU
		{23F44CC3-62A5-4CCC-B442-DDE43B8C2516}.Debug|Any CPU.ActiveCfg = Debug|Any CPU
		{23F44CC3-62A5-4CCC-B442-DDE43B8C2516}.Debug|Any CPU.Build.0 = Debug|Any CPU
		{23F44CC3-62A5-4CCC-B442-DDE43B8C2516}.Debug|x64.ActiveCfg = Debug|Any CPU
		{23F44CC3-62A5-4CCC-B442-DDE43B8C2516}.Debug|x64.Build.0 = Debug|Any CPU
		{23F44CC3-62A5-4CCC-B442-DDE43B8C2516}.Debug|x86.ActiveCfg = Debug|Any CPU
		{23F44CC3-62A5-4CCC-B442-DDE43B8C2516}.Debug|x86.Build.0 = Debug|Any CPU
		{23F44CC3-62A5-4CCC-B442-DDE43B8C2516}.Release|Any CPU.ActiveCfg = Release|Any CPU
		{23F44CC3-62A5-4CCC-B442-DDE43B8C2516}.Release|Any CPU.Build.0 = Release|Any CPU
		{23F44CC3-62A5-4CCC-B442-DDE43B8C2516}.Release|x64.ActiveCfg = Release|Any CPU
		{23F44CC3-62A5-4CCC-B442-DDE43B8C2516}.Release|x64.Build.0 = Release|Any CPU
		{23F44CC3-62A5-4CCC-B442-DDE43B8C2516}.Release|x86.ActiveCfg = Release|Any CPU
		{23F44CC3-62A5-4CCC-B442-DDE43B8C2516}.Release|x86.Build.0 = Release|Any CPU
		{646ACAAB-577D-41FF-B113-546A5E778DE2}.Debug|Any CPU.ActiveCfg = Debug|Any CPU
		{646ACAAB-577D-41FF-B113-546A5E778DE2}.Debug|Any CPU.Build.0 = Debug|Any CPU
		{646ACAAB-577D-41FF-B113-546A5E778DE2}.Debug|x64.ActiveCfg = Debug|Any CPU
		{646ACAAB-577D-41FF-B113-546A5E778DE2}.Debug|x64.Build.0 = Debug|Any CPU
		{646ACAAB-577D-41FF-B113-546A5E778DE2}.Debug|x86.ActiveCfg = Debug|Any CPU
		{646ACAAB-577D-41FF-B113-546A5E778DE2}.Debug|x86.Build.0 = Debug|Any CPU
		{646ACAAB-577D-41FF-B113-546A5E778DE2}.Release|Any CPU.ActiveCfg = Release|Any CPU
		{646ACAAB-577D-41FF-B113-546A5E778DE2}.Release|Any CPU.Build.0 = Release|Any CPU
		{646ACAAB-577D-41FF-B113-546A5E778DE2}.Release|x64.ActiveCfg = Release|Any CPU
		{646ACAAB-577D-41FF-B113-546A5E778DE2}.Release|x64.Build.0 = Release|Any CPU
		{646ACAAB-577D-41FF-B113-546A5E778DE2}.Release|x86.ActiveCfg = Release|Any CPU
		{646ACAAB-577D-41FF-B113-546A5E778DE2}.Release|x86.Build.0 = Release|Any CPU
		{9D3255B0-A80D-4636-AEBD-D0E34065FF40}.Debug|Any CPU.ActiveCfg = Debug|Any CPU
		{9D3255B0-A80D-4636-AEBD-D0E34065FF40}.Debug|Any CPU.Build.0 = Debug|Any CPU
		{9D3255B0-A80D-4636-AEBD-D0E34065FF40}.Debug|x64.ActiveCfg = Debug|Any CPU
		{9D3255B0-A80D-4636-AEBD-D0E34065FF40}.Debug|x64.Build.0 = Debug|Any CPU
		{9D3255B0-A80D-4636-AEBD-D0E34065FF40}.Debug|x86.ActiveCfg = Debug|Any CPU
		{9D3255B0-A80D-4636-AEBD-D0E34065FF40}.Debug|x86.Build.0 = Debug|Any CPU
		{9D3255B0-A80D-4636-AEBD-D0E34065FF40}.Release|Any CPU.ActiveCfg = Release|Any CPU
		{9D3255B0-A80D-4636-AEBD-D0E34065FF40}.Release|Any CPU.Build.0 = Release|Any CPU
		{9D3255B0-A80D-4636-AEBD-D0E34065FF40}.Release|x64.ActiveCfg = Release|Any CPU
		{9D3255B0-A80D-4636-AEBD-D0E34065FF40}.Release|x64.Build.0 = Release|Any CPU
		{9D3255B0-A80D-4636-AEBD-D0E34065FF40}.Release|x86.ActiveCfg = Release|Any CPU
		{9D3255B0-A80D-4636-AEBD-D0E34065FF40}.Release|x86.Build.0 = Release|Any CPU
		{E89169A0-66C5-468C-BA99-CDE20EF59B1F}.Debug|Any CPU.ActiveCfg = Debug|Any CPU
		{E89169A0-66C5-468C-BA99-CDE20EF59B1F}.Debug|Any CPU.Build.0 = Debug|Any CPU
		{E89169A0-66C5-468C-BA99-CDE20EF59B1F}.Debug|x64.ActiveCfg = Debug|Any CPU
		{E89169A0-66C5-468C-BA99-CDE20EF59B1F}.Debug|x64.Build.0 = Debug|Any CPU
		{E89169A0-66C5-468C-BA99-CDE20EF59B1F}.Debug|x86.ActiveCfg = Debug|Any CPU
		{E89169A0-66C5-468C-BA99-CDE20EF59B1F}.Debug|x86.Build.0 = Debug|Any CPU
		{E89169A0-66C5-468C-BA99-CDE20EF59B1F}.Release|Any CPU.ActiveCfg = Release|Any CPU
		{E89169A0-66C5-468C-BA99-CDE20EF59B1F}.Release|Any CPU.Build.0 = Release|Any CPU
		{E89169A0-66C5-468C-BA99-CDE20EF59B1F}.Release|x64.ActiveCfg = Release|Any CPU
		{E89169A0-66C5-468C-BA99-CDE20EF59B1F}.Release|x64.Build.0 = Release|Any CPU
		{E89169A0-66C5-468C-BA99-CDE20EF59B1F}.Release|x86.ActiveCfg = Release|Any CPU
		{E89169A0-66C5-468C-BA99-CDE20EF59B1F}.Release|x86.Build.0 = Release|Any CPU
		{C931A56F-22C6-4AF3-BC19-3B6CD2DAB407}.Debug|Any CPU.ActiveCfg = Debug|Any CPU
		{C931A56F-22C6-4AF3-BC19-3B6CD2DAB407}.Debug|Any CPU.Build.0 = Debug|Any CPU
		{C931A56F-22C6-4AF3-BC19-3B6CD2DAB407}.Debug|x64.ActiveCfg = Debug|Any CPU
		{C931A56F-22C6-4AF3-BC19-3B6CD2DAB407}.Debug|x64.Build.0 = Debug|Any CPU
		{C931A56F-22C6-4AF3-BC19-3B6CD2DAB407}.Debug|x86.ActiveCfg = Debug|Any CPU
		{C931A56F-22C6-4AF3-BC19-3B6CD2DAB407}.Debug|x86.Build.0 = Debug|Any CPU
		{C931A56F-22C6-4AF3-BC19-3B6CD2DAB407}.Release|Any CPU.ActiveCfg = Release|Any CPU
		{C931A56F-22C6-4AF3-BC19-3B6CD2DAB407}.Release|Any CPU.Build.0 = Release|Any CPU
		{C931A56F-22C6-4AF3-BC19-3B6CD2DAB407}.Release|x64.ActiveCfg = Release|Any CPU
		{C931A56F-22C6-4AF3-BC19-3B6CD2DAB407}.Release|x64.Build.0 = Release|Any CPU
		{C931A56F-22C6-4AF3-BC19-3B6CD2DAB407}.Release|x86.ActiveCfg = Release|Any CPU
		{C931A56F-22C6-4AF3-BC19-3B6CD2DAB407}.Release|x86.Build.0 = Release|Any CPU
		{B973B3DA-8AE3-4D22-9D24-758573A82277}.Debug|Any CPU.ActiveCfg = Debug|Any CPU
		{B973B3DA-8AE3-4D22-9D24-758573A82277}.Debug|Any CPU.Build.0 = Debug|Any CPU
		{B973B3DA-8AE3-4D22-9D24-758573A82277}.Debug|x64.ActiveCfg = Debug|Any CPU
		{B973B3DA-8AE3-4D22-9D24-758573A82277}.Debug|x64.Build.0 = Debug|Any CPU
		{B973B3DA-8AE3-4D22-9D24-758573A82277}.Debug|x86.ActiveCfg = Debug|Any CPU
		{B973B3DA-8AE3-4D22-9D24-758573A82277}.Debug|x86.Build.0 = Debug|Any CPU
		{B973B3DA-8AE3-4D22-9D24-758573A82277}.Release|Any CPU.ActiveCfg = Release|Any CPU
		{B973B3DA-8AE3-4D22-9D24-758573A82277}.Release|Any CPU.Build.0 = Release|Any CPU
		{B973B3DA-8AE3-4D22-9D24-758573A82277}.Release|x64.ActiveCfg = Release|Any CPU
		{B973B3DA-8AE3-4D22-9D24-758573A82277}.Release|x64.Build.0 = Release|Any CPU
		{B973B3DA-8AE3-4D22-9D24-758573A82277}.Release|x86.ActiveCfg = Release|Any CPU
		{B973B3DA-8AE3-4D22-9D24-758573A82277}.Release|x86.Build.0 = Release|Any CPU
		{A0254262-282E-4211-808F-1C13ABC8820E}.Debug|Any CPU.ActiveCfg = Debug|Any CPU
		{A0254262-282E-4211-808F-1C13ABC8820E}.Debug|Any CPU.Build.0 = Debug|Any CPU
		{A0254262-282E-4211-808F-1C13ABC8820E}.Debug|x64.ActiveCfg = Debug|x64
		{A0254262-282E-4211-808F-1C13ABC8820E}.Debug|x64.Build.0 = Debug|x64
		{A0254262-282E-4211-808F-1C13ABC8820E}.Debug|x86.ActiveCfg = Debug|Any CPU
		{A0254262-282E-4211-808F-1C13ABC8820E}.Debug|x86.Build.0 = Debug|Any CPU
		{A0254262-282E-4211-808F-1C13ABC8820E}.Release|Any CPU.ActiveCfg = Release|Any CPU
		{A0254262-282E-4211-808F-1C13ABC8820E}.Release|Any CPU.Build.0 = Release|Any CPU
		{A0254262-282E-4211-808F-1C13ABC8820E}.Release|x64.ActiveCfg = Release|x64
		{A0254262-282E-4211-808F-1C13ABC8820E}.Release|x64.Build.0 = Release|x64
		{A0254262-282E-4211-808F-1C13ABC8820E}.Release|x86.ActiveCfg = Release|Any CPU
		{A0254262-282E-4211-808F-1C13ABC8820E}.Release|x86.Build.0 = Release|Any CPU
		{1012C3E6-7EA7-40DA-99D4-78A3F619CE30}.Debug|Any CPU.ActiveCfg = Debug|Any CPU
		{1012C3E6-7EA7-40DA-99D4-78A3F619CE30}.Debug|Any CPU.Build.0 = Debug|Any CPU
		{1012C3E6-7EA7-40DA-99D4-78A3F619CE30}.Debug|x64.ActiveCfg = Debug|Any CPU
		{1012C3E6-7EA7-40DA-99D4-78A3F619CE30}.Debug|x64.Build.0 = Debug|Any CPU
		{1012C3E6-7EA7-40DA-99D4-78A3F619CE30}.Debug|x86.ActiveCfg = Debug|Any CPU
		{1012C3E6-7EA7-40DA-99D4-78A3F619CE30}.Debug|x86.Build.0 = Debug|Any CPU
		{1012C3E6-7EA7-40DA-99D4-78A3F619CE30}.Release|Any CPU.ActiveCfg = Release|Any CPU
		{1012C3E6-7EA7-40DA-99D4-78A3F619CE30}.Release|Any CPU.Build.0 = Release|Any CPU
		{1012C3E6-7EA7-40DA-99D4-78A3F619CE30}.Release|x64.ActiveCfg = Release|Any CPU
		{1012C3E6-7EA7-40DA-99D4-78A3F619CE30}.Release|x64.Build.0 = Release|Any CPU
		{1012C3E6-7EA7-40DA-99D4-78A3F619CE30}.Release|x86.ActiveCfg = Release|Any CPU
		{1012C3E6-7EA7-40DA-99D4-78A3F619CE30}.Release|x86.Build.0 = Release|Any CPU
	EndGlobalSection
	GlobalSection(SolutionProperties) = preSolution
		HideSolutionNode = FALSE
	EndGlobalSection
EndGlobal
